// !$*UTF8*$!
{
	archiveVersion = 1;
	classes = {
	};
	objectVersion = 50;
	objects = {

/* Begin PBXBuildFile section */
		084E7BE723F82A5F008C3E22 /* Today.swift in Sources */ = {isa = PBXBuildFile; fileRef = 084E7BE623F82A5F008C3E22 /* Today.swift */; };
		084E7BEF23F864F0008C3E22 /* DeathTableViewCell.swift in Sources */ = {isa = PBXBuildFile; fileRef = 084E7BED23F864F0008C3E22 /* DeathTableViewCell.swift */; };
		084E7BF023F864F0008C3E22 /* EventTableViewCell.xib in Resources */ = {isa = PBXBuildFile; fileRef = 084E7BEE23F864F0008C3E22 /* EventTableViewCell.xib */; };
		084E7BF423F88E17008C3E22 /* TodayViewController+TableView.swift in Sources */ = {isa = PBXBuildFile; fileRef = 084E7BF323F88E17008C3E22 /* TodayViewController+TableView.swift */; };
		08E6954E23F956B300943BFC /* EventTableViewCell.swift in Sources */ = {isa = PBXBuildFile; fileRef = 08E6954D23F956B300943BFC /* EventTableViewCell.swift */; };
		08E6955123F9579A00943BFC /* BirthTableViewCell.swift in Sources */ = {isa = PBXBuildFile; fileRef = 08E6955023F9579A00943BFC /* BirthTableViewCell.swift */; };
		08E6955223F95E3C00943BFC /* DeathTableViewCell.xib in Resources */ = {isa = PBXBuildFile; fileRef = 08E6954C23F956B300943BFC /* DeathTableViewCell.xib */; };
		08E6955323F95E4300943BFC /* BirthTableViewCell.xib in Resources */ = {isa = PBXBuildFile; fileRef = 08E6954F23F9579900943BFC /* BirthTableViewCell.xib */; };
		08E6955623F9608000943BFC /* BaseTableViewCell.swift in Sources */ = {isa = PBXBuildFile; fileRef = 08E6955423F9608000943BFC /* BaseTableViewCell.swift */; };
		08E6955723F9608000943BFC /* BaseTableViewCell.xib in Resources */ = {isa = PBXBuildFile; fileRef = 08E6955523F9608000943BFC /* BaseTableViewCell.xib */; };
		08E6955F23F9A89A00943BFC /* TodayViewControllerUITests.swift in Sources */ = {isa = PBXBuildFile; fileRef = 08E6955E23F9A89A00943BFC /* TodayViewControllerUITests.swift */; };
		08E6956223F9A95A00943BFC /* TodayControllerTests.swift in Sources */ = {isa = PBXBuildFile; fileRef = 08E6956123F9A95A00943BFC /* TodayControllerTests.swift */; };
		08EA7B4523F035B1005D7DA0 /* AppDelegate.swift in Sources */ = {isa = PBXBuildFile; fileRef = 08EA7B4423F035B1005D7DA0 /* AppDelegate.swift */; };
		08EA7B4723F035B1005D7DA0 /* SceneDelegate.swift in Sources */ = {isa = PBXBuildFile; fileRef = 08EA7B4623F035B1005D7DA0 /* SceneDelegate.swift */; };
		08EA7B4C23F035B1005D7DA0 /* Main.storyboard in Resources */ = {isa = PBXBuildFile; fileRef = 08EA7B4A23F035B1005D7DA0 /* Main.storyboard */; };
		08EA7B4E23F035B2005D7DA0 /* Assets.xcassets in Resources */ = {isa = PBXBuildFile; fileRef = 08EA7B4D23F035B2005D7DA0 /* Assets.xcassets */; };
		08EA7B5123F035B2005D7DA0 /* LaunchScreen.storyboard in Resources */ = {isa = PBXBuildFile; fileRef = 08EA7B4F23F035B2005D7DA0 /* LaunchScreen.storyboard */; };
		08EDE54623F0656E003B0837 /* TodayPresenter.swift in Sources */ = {isa = PBXBuildFile; fileRef = 08EDE54023F0656E003B0837 /* TodayPresenter.swift */; };
		08EDE54723F0656E003B0837 /* TodayWorker.swift in Sources */ = {isa = PBXBuildFile; fileRef = 08EDE54123F0656E003B0837 /* TodayWorker.swift */; };
		08EDE54823F0656E003B0837 /* TodayRouter.swift in Sources */ = {isa = PBXBuildFile; fileRef = 08EDE54223F0656E003B0837 /* TodayRouter.swift */; };
		08EDE54923F0656E003B0837 /* TodayModels.swift in Sources */ = {isa = PBXBuildFile; fileRef = 08EDE54323F0656E003B0837 /* TodayModels.swift */; };
		08EDE54A23F0656E003B0837 /* TodayViewController.swift in Sources */ = {isa = PBXBuildFile; fileRef = 08EDE54423F0656E003B0837 /* TodayViewController.swift */; };
		08EDE54B23F0656E003B0837 /* TodayInteractor.swift in Sources */ = {isa = PBXBuildFile; fileRef = 08EDE54523F0656E003B0837 /* TodayInteractor.swift */; };
		08EDE54F23F0683F003B0837 /* URLConstants.swift in Sources */ = {isa = PBXBuildFile; fileRef = 08EDE54E23F0683F003B0837 /* URLConstants.swift */; };
		08EDE55723F08314003B0837 /* Reachability.swift in Sources */ = {isa = PBXBuildFile; fileRef = 08EDE55423F08314003B0837 /* Reachability.swift */; };
		08EDE55823F08314003B0837 /* Session.swift in Sources */ = {isa = PBXBuildFile; fileRef = 08EDE55523F08314003B0837 /* Session.swift */; };
		08EDE55923F08314003B0837 /* Utilities.swift in Sources */ = {isa = PBXBuildFile; fileRef = 08EDE55623F08314003B0837 /* Utilities.swift */; };
		7DDEA3734E801BDB2842E5EB /* Pods_TodayInHistory.framework in Frameworks */ = {isa = PBXBuildFile; fileRef = E60F6EA9F8C3A89AF2025AFC /* Pods_TodayInHistory.framework */; };
		B69848F7C04E6E43282411BB /* Pods_TodayInHistoryTests.framework in Frameworks */ = {isa = PBXBuildFile; fileRef = 431588CCF9E8914D3CB88AAA /* Pods_TodayInHistoryTests.framework */; };
		D278249C06AB94D7D3C3D5A6 /* Pods_TodayInHistoryUITests.framework in Frameworks */ = {isa = PBXBuildFile; fileRef = 4EB3BBAA551C359C35A5E109 /* Pods_TodayInHistoryUITests.framework */; };
/* End PBXBuildFile section */

/* Begin PBXContainerItemProxy section */
		08EA7B5823F035B2005D7DA0 /* PBXContainerItemProxy */ = {
			isa = PBXContainerItemProxy;
			containerPortal = 08EA7B3923F035B1005D7DA0 /* Project object */;
			proxyType = 1;
			remoteGlobalIDString = 08EA7B4023F035B1005D7DA0;
			remoteInfo = TodayInHistory;
		};
		08EA7B6323F035B2005D7DA0 /* PBXContainerItemProxy */ = {
			isa = PBXContainerItemProxy;
			containerPortal = 08EA7B3923F035B1005D7DA0 /* Project object */;
			proxyType = 1;
			remoteGlobalIDString = 08EA7B4023F035B1005D7DA0;
			remoteInfo = TodayInHistory;
		};
/* End PBXContainerItemProxy section */

/* Begin PBXFileReference section */
		084E7BE623F82A5F008C3E22 /* Today.swift */ = {isa = PBXFileReference; lastKnownFileType = sourcecode.swift; path = Today.swift; sourceTree = "<group>"; };
		084E7BED23F864F0008C3E22 /* DeathTableViewCell.swift */ = {isa = PBXFileReference; lastKnownFileType = sourcecode.swift; path = DeathTableViewCell.swift; sourceTree = "<group>"; };
		084E7BEE23F864F0008C3E22 /* EventTableViewCell.xib */ = {isa = PBXFileReference; lastKnownFileType = file.xib; path = EventTableViewCell.xib; sourceTree = "<group>"; };
		084E7BF323F88E17008C3E22 /* TodayViewController+TableView.swift */ = {isa = PBXFileReference; lastKnownFileType = sourcecode.swift; path = "TodayViewController+TableView.swift"; sourceTree = "<group>"; };
		08E6954C23F956B300943BFC /* DeathTableViewCell.xib */ = {isa = PBXFileReference; lastKnownFileType = file.xib; path = DeathTableViewCell.xib; sourceTree = "<group>"; };
		08E6954D23F956B300943BFC /* EventTableViewCell.swift */ = {isa = PBXFileReference; lastKnownFileType = sourcecode.swift; path = EventTableViewCell.swift; sourceTree = "<group>"; };
		08E6954F23F9579900943BFC /* BirthTableViewCell.xib */ = {isa = PBXFileReference; lastKnownFileType = file.xib; path = BirthTableViewCell.xib; sourceTree = "<group>"; };
		08E6955023F9579A00943BFC /* BirthTableViewCell.swift */ = {isa = PBXFileReference; lastKnownFileType = sourcecode.swift; path = BirthTableViewCell.swift; sourceTree = "<group>"; };
		08E6955423F9608000943BFC /* BaseTableViewCell.swift */ = {isa = PBXFileReference; lastKnownFileType = sourcecode.swift; path = BaseTableViewCell.swift; sourceTree = "<group>"; };
		08E6955523F9608000943BFC /* BaseTableViewCell.xib */ = {isa = PBXFileReference; lastKnownFileType = file.xib; path = BaseTableViewCell.xib; sourceTree = "<group>"; };
		08E6955E23F9A89A00943BFC /* TodayViewControllerUITests.swift */ = {isa = PBXFileReference; lastKnownFileType = sourcecode.swift; path = TodayViewControllerUITests.swift; sourceTree = "<group>"; };
		08E6956023F9A95900943BFC /* TodayInHistoryTests-Bridging-Header.h */ = {isa = PBXFileReference; lastKnownFileType = sourcecode.c.h; path = "TodayInHistoryTests-Bridging-Header.h"; sourceTree = "<group>"; };
		08E6956123F9A95A00943BFC /* TodayControllerTests.swift */ = {isa = PBXFileReference; lastKnownFileType = sourcecode.swift; path = TodayControllerTests.swift; sourceTree = "<group>"; };
		08EA7B4123F035B1005D7DA0 /* TodayInHistory.app */ = {isa = PBXFileReference; explicitFileType = wrapper.application; includeInIndex = 0; path = TodayInHistory.app; sourceTree = BUILT_PRODUCTS_DIR; };
		08EA7B4423F035B1005D7DA0 /* AppDelegate.swift */ = {isa = PBXFileReference; lastKnownFileType = sourcecode.swift; path = AppDelegate.swift; sourceTree = "<group>"; };
		08EA7B4623F035B1005D7DA0 /* SceneDelegate.swift */ = {isa = PBXFileReference; lastKnownFileType = sourcecode.swift; path = SceneDelegate.swift; sourceTree = "<group>"; };
		08EA7B4B23F035B1005D7DA0 /* Base */ = {isa = PBXFileReference; lastKnownFileType = file.storyboard; name = Base; path = Base.lproj/Main.storyboard; sourceTree = "<group>"; };
		08EA7B4D23F035B2005D7DA0 /* Assets.xcassets */ = {isa = PBXFileReference; lastKnownFileType = folder.assetcatalog; path = Assets.xcassets; sourceTree = "<group>"; };
		08EA7B5023F035B2005D7DA0 /* Base */ = {isa = PBXFileReference; lastKnownFileType = file.storyboard; name = Base; path = Base.lproj/LaunchScreen.storyboard; sourceTree = "<group>"; };
		08EA7B5223F035B2005D7DA0 /* Info.plist */ = {isa = PBXFileReference; lastKnownFileType = text.plist.xml; path = Info.plist; sourceTree = "<group>"; };
		08EA7B5723F035B2005D7DA0 /* TodayInHistoryTests.xctest */ = {isa = PBXFileReference; explicitFileType = wrapper.cfbundle; includeInIndex = 0; path = TodayInHistoryTests.xctest; sourceTree = BUILT_PRODUCTS_DIR; };
		08EA7B5D23F035B2005D7DA0 /* Info.plist */ = {isa = PBXFileReference; lastKnownFileType = text.plist.xml; path = Info.plist; sourceTree = "<group>"; };
		08EA7B6223F035B2005D7DA0 /* TodayInHistoryUITests.xctest */ = {isa = PBXFileReference; explicitFileType = wrapper.cfbundle; includeInIndex = 0; path = TodayInHistoryUITests.xctest; sourceTree = BUILT_PRODUCTS_DIR; };
		08EA7B6823F035B2005D7DA0 /* Info.plist */ = {isa = PBXFileReference; lastKnownFileType = text.plist.xml; path = Info.plist; sourceTree = "<group>"; };
		08EDE54023F0656E003B0837 /* TodayPresenter.swift */ = {isa = PBXFileReference; lastKnownFileType = sourcecode.swift; path = TodayPresenter.swift; sourceTree = "<group>"; };
		08EDE54123F0656E003B0837 /* TodayWorker.swift */ = {isa = PBXFileReference; lastKnownFileType = sourcecode.swift; path = TodayWorker.swift; sourceTree = "<group>"; };
		08EDE54223F0656E003B0837 /* TodayRouter.swift */ = {isa = PBXFileReference; lastKnownFileType = sourcecode.swift; path = TodayRouter.swift; sourceTree = "<group>"; };
		08EDE54323F0656E003B0837 /* TodayModels.swift */ = {isa = PBXFileReference; lastKnownFileType = sourcecode.swift; path = TodayModels.swift; sourceTree = "<group>"; };
		08EDE54423F0656E003B0837 /* TodayViewController.swift */ = {isa = PBXFileReference; lastKnownFileType = sourcecode.swift; path = TodayViewController.swift; sourceTree = "<group>"; };
		08EDE54523F0656E003B0837 /* TodayInteractor.swift */ = {isa = PBXFileReference; lastKnownFileType = sourcecode.swift; path = TodayInteractor.swift; sourceTree = "<group>"; };
		08EDE54E23F0683F003B0837 /* URLConstants.swift */ = {isa = PBXFileReference; lastKnownFileType = sourcecode.swift; path = URLConstants.swift; sourceTree = "<group>"; };
		08EDE55423F08314003B0837 /* Reachability.swift */ = {isa = PBXFileReference; fileEncoding = 4; lastKnownFileType = sourcecode.swift; path = Reachability.swift; sourceTree = "<group>"; };
		08EDE55523F08314003B0837 /* Session.swift */ = {isa = PBXFileReference; fileEncoding = 4; lastKnownFileType = sourcecode.swift; path = Session.swift; sourceTree = "<group>"; };
		08EDE55623F08314003B0837 /* Utilities.swift */ = {isa = PBXFileReference; fileEncoding = 4; lastKnownFileType = sourcecode.swift; path = Utilities.swift; sourceTree = "<group>"; };
		0FA0006DF721515CFA870156 /* Pods-TodayInHistory.debug.xcconfig */ = {isa = PBXFileReference; includeInIndex = 1; lastKnownFileType = text.xcconfig; name = "Pods-TodayInHistory.debug.xcconfig"; path = "Target Support Files/Pods-TodayInHistory/Pods-TodayInHistory.debug.xcconfig"; sourceTree = "<group>"; };
		431588CCF9E8914D3CB88AAA /* Pods_TodayInHistoryTests.framework */ = {isa = PBXFileReference; explicitFileType = wrapper.framework; includeInIndex = 0; path = Pods_TodayInHistoryTests.framework; sourceTree = BUILT_PRODUCTS_DIR; };
		4EB3BBAA551C359C35A5E109 /* Pods_TodayInHistoryUITests.framework */ = {isa = PBXFileReference; explicitFileType = wrapper.framework; includeInIndex = 0; path = Pods_TodayInHistoryUITests.framework; sourceTree = BUILT_PRODUCTS_DIR; };
		6245E2E40F73A39305EEF7C6 /* Pods-TodayInHistory.release.xcconfig */ = {isa = PBXFileReference; includeInIndex = 1; lastKnownFileType = text.xcconfig; name = "Pods-TodayInHistory.release.xcconfig"; path = "Target Support Files/Pods-TodayInHistory/Pods-TodayInHistory.release.xcconfig"; sourceTree = "<group>"; };
		BCFC628DE42CD0E7AF74964F /* Pods-TodayInHistoryUITests.release.xcconfig */ = {isa = PBXFileReference; includeInIndex = 1; lastKnownFileType = text.xcconfig; name = "Pods-TodayInHistoryUITests.release.xcconfig"; path = "Target Support Files/Pods-TodayInHistoryUITests/Pods-TodayInHistoryUITests.release.xcconfig"; sourceTree = "<group>"; };
		D5526E871C2C4B177CA15781 /* Pods-TodayInHistoryTests.release.xcconfig */ = {isa = PBXFileReference; includeInIndex = 1; lastKnownFileType = text.xcconfig; name = "Pods-TodayInHistoryTests.release.xcconfig"; path = "Target Support Files/Pods-TodayInHistoryTests/Pods-TodayInHistoryTests.release.xcconfig"; sourceTree = "<group>"; };
		E60F6EA9F8C3A89AF2025AFC /* Pods_TodayInHistory.framework */ = {isa = PBXFileReference; explicitFileType = wrapper.framework; includeInIndex = 0; path = Pods_TodayInHistory.framework; sourceTree = BUILT_PRODUCTS_DIR; };
		F8AF0F5A5A35365666BA1C19 /* Pods-TodayInHistoryTests.debug.xcconfig */ = {isa = PBXFileReference; includeInIndex = 1; lastKnownFileType = text.xcconfig; name = "Pods-TodayInHistoryTests.debug.xcconfig"; path = "Target Support Files/Pods-TodayInHistoryTests/Pods-TodayInHistoryTests.debug.xcconfig"; sourceTree = "<group>"; };
		F8D74E19CA50F931A04240A1 /* Pods-TodayInHistoryUITests.debug.xcconfig */ = {isa = PBXFileReference; includeInIndex = 1; lastKnownFileType = text.xcconfig; name = "Pods-TodayInHistoryUITests.debug.xcconfig"; path = "Target Support Files/Pods-TodayInHistoryUITests/Pods-TodayInHistoryUITests.debug.xcconfig"; sourceTree = "<group>"; };
/* End PBXFileReference section */

/* Begin PBXFrameworksBuildPhase section */
		08EA7B3E23F035B1005D7DA0 /* Frameworks */ = {
			isa = PBXFrameworksBuildPhase;
			buildActionMask = 2147483647;
			files = (
				7DDEA3734E801BDB2842E5EB /* Pods_TodayInHistory.framework in Frameworks */,
			);
			runOnlyForDeploymentPostprocessing = 0;
		};
		08EA7B5423F035B2005D7DA0 /* Frameworks */ = {
			isa = PBXFrameworksBuildPhase;
			buildActionMask = 2147483647;
			files = (
				B69848F7C04E6E43282411BB /* Pods_TodayInHistoryTests.framework in Frameworks */,
			);
			runOnlyForDeploymentPostprocessing = 0;
		};
		08EA7B5F23F035B2005D7DA0 /* Frameworks */ = {
			isa = PBXFrameworksBuildPhase;
			buildActionMask = 2147483647;
			files = (
				D278249C06AB94D7D3C3D5A6 /* Pods_TodayInHistoryUITests.framework in Frameworks */,
			);
			runOnlyForDeploymentPostprocessing = 0;
		};
/* End PBXFrameworksBuildPhase section */

/* Begin PBXGroup section */
		084E7BE523F829E4008C3E22 /* Models */ = {
			isa = PBXGroup;
			children = (
				084E7BE623F82A5F008C3E22 /* Today.swift */,
			);
			path = Models;
			sourceTree = "<group>";
		};
		084E7BE823F83F1B008C3E22 /* Views */ = {
			isa = PBXGroup;
			children = (
				08E6954C23F956B300943BFC /* DeathTableViewCell.xib */,
				084E7BED23F864F0008C3E22 /* DeathTableViewCell.swift */,
				08E6954F23F9579900943BFC /* BirthTableViewCell.xib */,
				08E6955023F9579A00943BFC /* BirthTableViewCell.swift */,
				084E7BEE23F864F0008C3E22 /* EventTableViewCell.xib */,
				08E6954D23F956B300943BFC /* EventTableViewCell.swift */,
				08E6955523F9608000943BFC /* BaseTableViewCell.xib */,
				08E6955423F9608000943BFC /* BaseTableViewCell.swift */,
			);
			path = Views;
			sourceTree = "<group>";
		};
		08E6955823F99CD300943BFC /* Scenes */ = {
			isa = PBXGroup;
			children = (
				08E6955923F99CE500943BFC /* Today */,
			);
			path = Scenes;
			sourceTree = "<group>";
		};
		08E6955923F99CE500943BFC /* Today */ = {
			isa = PBXGroup;
			children = (
				08E6956123F9A95A00943BFC /* TodayControllerTests.swift */,
				08E6956023F9A95900943BFC /* TodayInHistoryTests-Bridging-Header.h */,
			);
			path = Today;
			sourceTree = "<group>";
		};
		08EA7B3823F035B1005D7DA0 = {
			isa = PBXGroup;
			children = (
				08EA7B4323F035B1005D7DA0 /* TodayInHistory */,
				08EA7B5A23F035B2005D7DA0 /* TodayInHistoryTests */,
				08EA7B6523F035B2005D7DA0 /* TodayInHistoryUITests */,
				08EA7B4223F035B1005D7DA0 /* Products */,
				1C63750F5B2E99CD693CAD96 /* Pods */,
				0F235379443704D611627B58 /* Frameworks */,
			);
			sourceTree = "<group>";
		};
		08EA7B4223F035B1005D7DA0 /* Products */ = {
			isa = PBXGroup;
			children = (
				08EA7B4123F035B1005D7DA0 /* TodayInHistory.app */,
				08EA7B5723F035B2005D7DA0 /* TodayInHistoryTests.xctest */,
				08EA7B6223F035B2005D7DA0 /* TodayInHistoryUITests.xctest */,
			);
			name = Products;
			sourceTree = "<group>";
		};
		08EA7B4323F035B1005D7DA0 /* TodayInHistory */ = {
			isa = PBXGroup;
			children = (
				084E7BE823F83F1B008C3E22 /* Views */,
				084E7BE523F829E4008C3E22 /* Models */,
				08EDE55A23F0841A003B0837 /* Extensions */,
				08EDE55323F082FC003B0837 /* Helpers */,
				08EDE54D23F06815003B0837 /* Constants */,
				08EDE53F23F06443003B0837 /* Scenes */,
				08EA7B4423F035B1005D7DA0 /* AppDelegate.swift */,
				08EA7B4623F035B1005D7DA0 /* SceneDelegate.swift */,
				08EA7B4A23F035B1005D7DA0 /* Main.storyboard */,
				08EA7B4D23F035B2005D7DA0 /* Assets.xcassets */,
				08EA7B4F23F035B2005D7DA0 /* LaunchScreen.storyboard */,
				08EA7B5223F035B2005D7DA0 /* Info.plist */,
			);
			path = TodayInHistory;
			sourceTree = "<group>";
		};
		08EA7B5A23F035B2005D7DA0 /* TodayInHistoryTests */ = {
			isa = PBXGroup;
			children = (
				08E6955823F99CD300943BFC /* Scenes */,
				08EA7B5D23F035B2005D7DA0 /* Info.plist */,
			);
			path = TodayInHistoryTests;
			sourceTree = "<group>";
		};
		08EA7B6523F035B2005D7DA0 /* TodayInHistoryUITests */ = {
			isa = PBXGroup;
			children = (
				08EA7B6823F035B2005D7DA0 /* Info.plist */,
				08E6955E23F9A89A00943BFC /* TodayViewControllerUITests.swift */,
			);
			path = TodayInHistoryUITests;
			sourceTree = "<group>";
		};
		08EDE53F23F06443003B0837 /* Scenes */ = {
			isa = PBXGroup;
			children = (
				08EDE54C23F067C9003B0837 /* Today */,
			);
			path = Scenes;
			sourceTree = "<group>";
		};
		08EDE54C23F067C9003B0837 /* Today */ = {
			isa = PBXGroup;
			children = (
				08EDE54023F0656E003B0837 /* TodayPresenter.swift */,
				08EDE54123F0656E003B0837 /* TodayWorker.swift */,
				08EDE54223F0656E003B0837 /* TodayRouter.swift */,
				08EDE54323F0656E003B0837 /* TodayModels.swift */,
				08EDE54423F0656E003B0837 /* TodayViewController.swift */,
				08EDE54523F0656E003B0837 /* TodayInteractor.swift */,
			);
			path = Today;
			sourceTree = "<group>";
		};
		08EDE54D23F06815003B0837 /* Constants */ = {
			isa = PBXGroup;
			children = (
				08EDE54E23F0683F003B0837 /* URLConstants.swift */,
			);
			path = Constants;
			sourceTree = "<group>";
		};
		08EDE55323F082FC003B0837 /* Helpers */ = {
			isa = PBXGroup;
			children = (
				08EDE55423F08314003B0837 /* Reachability.swift */,
				08EDE55523F08314003B0837 /* Session.swift */,
				08EDE55623F08314003B0837 /* Utilities.swift */,
			);
			path = Helpers;
			sourceTree = "<group>";
		};
		08EDE55A23F0841A003B0837 /* Extensions */ = {
			isa = PBXGroup;
			children = (
				084E7BF323F88E17008C3E22 /* TodayViewController+TableView.swift */,
			);
			path = Extensions;
			sourceTree = "<group>";
		};
		0F235379443704D611627B58 /* Frameworks */ = {
			isa = PBXGroup;
			children = (
				E60F6EA9F8C3A89AF2025AFC /* Pods_TodayInHistory.framework */,
				431588CCF9E8914D3CB88AAA /* Pods_TodayInHistoryTests.framework */,
				4EB3BBAA551C359C35A5E109 /* Pods_TodayInHistoryUITests.framework */,
			);
			name = Frameworks;
			sourceTree = "<group>";
		};
		1C63750F5B2E99CD693CAD96 /* Pods */ = {
			isa = PBXGroup;
			children = (
				0FA0006DF721515CFA870156 /* Pods-TodayInHistory.debug.xcconfig */,
				6245E2E40F73A39305EEF7C6 /* Pods-TodayInHistory.release.xcconfig */,
				F8AF0F5A5A35365666BA1C19 /* Pods-TodayInHistoryTests.debug.xcconfig */,
				D5526E871C2C4B177CA15781 /* Pods-TodayInHistoryTests.release.xcconfig */,
				F8D74E19CA50F931A04240A1 /* Pods-TodayInHistoryUITests.debug.xcconfig */,
				BCFC628DE42CD0E7AF74964F /* Pods-TodayInHistoryUITests.release.xcconfig */,
			);
			path = Pods;
			sourceTree = "<group>";
		};
/* End PBXGroup section */

/* Begin PBXNativeTarget section */
		08EA7B4023F035B1005D7DA0 /* TodayInHistory */ = {
			isa = PBXNativeTarget;
			buildConfigurationList = 08EA7B6B23F035B2005D7DA0 /* Build configuration list for PBXNativeTarget "TodayInHistory" */;
			buildPhases = (
				9BE0B2724EB53D185748DCA1 /* [CP] Check Pods Manifest.lock */,
				08EA7B3D23F035B1005D7DA0 /* Sources */,
				08EA7B3E23F035B1005D7DA0 /* Frameworks */,
				08EA7B3F23F035B1005D7DA0 /* Resources */,
			);
			buildRules = (
			);
			dependencies = (
			);
			name = TodayInHistory;
			productName = TodayInHistory;
			productReference = 08EA7B4123F035B1005D7DA0 /* TodayInHistory.app */;
			productType = "com.apple.product-type.application";
		};
		08EA7B5623F035B2005D7DA0 /* TodayInHistoryTests */ = {
			isa = PBXNativeTarget;
			buildConfigurationList = 08EA7B6E23F035B2005D7DA0 /* Build configuration list for PBXNativeTarget "TodayInHistoryTests" */;
			buildPhases = (
				EB0B26D8844C79234ED7B370 /* [CP] Check Pods Manifest.lock */,
				08EA7B5323F035B2005D7DA0 /* Sources */,
				08EA7B5423F035B2005D7DA0 /* Frameworks */,
				08EA7B5523F035B2005D7DA0 /* Resources */,
			);
			buildRules = (
			);
			dependencies = (
				08EA7B5923F035B2005D7DA0 /* PBXTargetDependency */,
			);
			name = TodayInHistoryTests;
			productName = TodayInHistoryTests;
			productReference = 08EA7B5723F035B2005D7DA0 /* TodayInHistoryTests.xctest */;
			productType = "com.apple.product-type.bundle.unit-test";
		};
		08EA7B6123F035B2005D7DA0 /* TodayInHistoryUITests */ = {
			isa = PBXNativeTarget;
			buildConfigurationList = 08EA7B7123F035B2005D7DA0 /* Build configuration list for PBXNativeTarget "TodayInHistoryUITests" */;
			buildPhases = (
				315A864BC17E5C5344868010 /* [CP] Check Pods Manifest.lock */,
				08EA7B5E23F035B2005D7DA0 /* Sources */,
				08EA7B5F23F035B2005D7DA0 /* Frameworks */,
				08EA7B6023F035B2005D7DA0 /* Resources */,
			);
			buildRules = (
			);
			dependencies = (
				08EA7B6423F035B2005D7DA0 /* PBXTargetDependency */,
			);
			name = TodayInHistoryUITests;
			productName = TodayInHistoryUITests;
			productReference = 08EA7B6223F035B2005D7DA0 /* TodayInHistoryUITests.xctest */;
			productType = "com.apple.product-type.bundle.ui-testing";
		};
/* End PBXNativeTarget section */

/* Begin PBXProject section */
		08EA7B3923F035B1005D7DA0 /* Project object */ = {
			isa = PBXProject;
			attributes = {
				LastSwiftUpdateCheck = 1130;
				LastUpgradeCheck = 1130;
				ORGANIZATIONNAME = "Alaattin Bedir";
				TargetAttributes = {
					08EA7B4023F035B1005D7DA0 = {
						CreatedOnToolsVersion = 11.3.1;
					};
					08EA7B5623F035B2005D7DA0 = {
						CreatedOnToolsVersion = 11.3.1;
						LastSwiftMigration = 1130;
						TestTargetID = 08EA7B4023F035B1005D7DA0;
					};
					08EA7B6123F035B2005D7DA0 = {
						CreatedOnToolsVersion = 11.3.1;
						TestTargetID = 08EA7B4023F035B1005D7DA0;
					};
				};
			};
			buildConfigurationList = 08EA7B3C23F035B1005D7DA0 /* Build configuration list for PBXProject "TodayInHistory" */;
			compatibilityVersion = "Xcode 9.3";
			developmentRegion = en;
			hasScannedForEncodings = 0;
			knownRegions = (
				en,
				Base,
			);
			mainGroup = 08EA7B3823F035B1005D7DA0;
			productRefGroup = 08EA7B4223F035B1005D7DA0 /* Products */;
			projectDirPath = "";
			projectRoot = "";
			targets = (
				08EA7B4023F035B1005D7DA0 /* TodayInHistory */,
				08EA7B5623F035B2005D7DA0 /* TodayInHistoryTests */,
				08EA7B6123F035B2005D7DA0 /* TodayInHistoryUITests */,
			);
		};
/* End PBXProject section */

/* Begin PBXResourcesBuildPhase section */
		08EA7B3F23F035B1005D7DA0 /* Resources */ = {
			isa = PBXResourcesBuildPhase;
			buildActionMask = 2147483647;
			files = (
				08E6955723F9608000943BFC /* BaseTableViewCell.xib in Resources */,
				08E6955323F95E4300943BFC /* BirthTableViewCell.xib in Resources */,
				08E6955223F95E3C00943BFC /* DeathTableViewCell.xib in Resources */,
				08EA7B5123F035B2005D7DA0 /* LaunchScreen.storyboard in Resources */,
				084E7BF023F864F0008C3E22 /* EventTableViewCell.xib in Resources */,
				08EA7B4E23F035B2005D7DA0 /* Assets.xcassets in Resources */,
				08EA7B4C23F035B1005D7DA0 /* Main.storyboard in Resources */,
			);
			runOnlyForDeploymentPostprocessing = 0;
		};
		08EA7B5523F035B2005D7DA0 /* Resources */ = {
			isa = PBXResourcesBuildPhase;
			buildActionMask = 2147483647;
			files = (
			);
			runOnlyForDeploymentPostprocessing = 0;
		};
		08EA7B6023F035B2005D7DA0 /* Resources */ = {
			isa = PBXResourcesBuildPhase;
			buildActionMask = 2147483647;
			files = (
			);
			runOnlyForDeploymentPostprocessing = 0;
		};
/* End PBXResourcesBuildPhase section */

/* Begin PBXShellScriptBuildPhase section */
		315A864BC17E5C5344868010 /* [CP] Check Pods Manifest.lock */ = {
			isa = PBXShellScriptBuildPhase;
			buildActionMask = 2147483647;
			files = (
			);
			inputFileListPaths = (
			);
			inputPaths = (
				"${PODS_PODFILE_DIR_PATH}/Podfile.lock",
				"${PODS_ROOT}/Manifest.lock",
			);
			name = "[CP] Check Pods Manifest.lock";
			outputFileListPaths = (
			);
			outputPaths = (
				"$(DERIVED_FILE_DIR)/Pods-TodayInHistoryUITests-checkManifestLockResult.txt",
			);
			runOnlyForDeploymentPostprocessing = 0;
			shellPath = /bin/sh;
			shellScript = "diff \"${PODS_PODFILE_DIR_PATH}/Podfile.lock\" \"${PODS_ROOT}/Manifest.lock\" > /dev/null\nif [ $? != 0 ] ; then\n    # print error to STDERR\n    echo \"error: The sandbox is not in sync with the Podfile.lock. Run 'pod install' or update your CocoaPods installation.\" >&2\n    exit 1\nfi\n# This output is used by Xcode 'outputs' to avoid re-running this script phase.\necho \"SUCCESS\" > \"${SCRIPT_OUTPUT_FILE_0}\"\n";
			showEnvVarsInLog = 0;
		};
		9BE0B2724EB53D185748DCA1 /* [CP] Check Pods Manifest.lock */ = {
			isa = PBXShellScriptBuildPhase;
			buildActionMask = 2147483647;
			files = (
			);
			inputFileListPaths = (
			);
			inputPaths = (
				"${PODS_PODFILE_DIR_PATH}/Podfile.lock",
				"${PODS_ROOT}/Manifest.lock",
			);
			name = "[CP] Check Pods Manifest.lock";
			outputFileListPaths = (
			);
			outputPaths = (
				"$(DERIVED_FILE_DIR)/Pods-TodayInHistory-checkManifestLockResult.txt",
			);
			runOnlyForDeploymentPostprocessing = 0;
			shellPath = /bin/sh;
			shellScript = "diff \"${PODS_PODFILE_DIR_PATH}/Podfile.lock\" \"${PODS_ROOT}/Manifest.lock\" > /dev/null\nif [ $? != 0 ] ; then\n    # print error to STDERR\n    echo \"error: The sandbox is not in sync with the Podfile.lock. Run 'pod install' or update your CocoaPods installation.\" >&2\n    exit 1\nfi\n# This output is used by Xcode 'outputs' to avoid re-running this script phase.\necho \"SUCCESS\" > \"${SCRIPT_OUTPUT_FILE_0}\"\n";
			showEnvVarsInLog = 0;
		};
		EB0B26D8844C79234ED7B370 /* [CP] Check Pods Manifest.lock */ = {
			isa = PBXShellScriptBuildPhase;
			buildActionMask = 2147483647;
			files = (
			);
			inputFileListPaths = (
			);
			inputPaths = (
				"${PODS_PODFILE_DIR_PATH}/Podfile.lock",
				"${PODS_ROOT}/Manifest.lock",
			);
			name = "[CP] Check Pods Manifest.lock";
			outputFileListPaths = (
			);
			outputPaths = (
				"$(DERIVED_FILE_DIR)/Pods-TodayInHistoryTests-checkManifestLockResult.txt",
			);
			runOnlyForDeploymentPostprocessing = 0;
			shellPath = /bin/sh;
			shellScript = "diff \"${PODS_PODFILE_DIR_PATH}/Podfile.lock\" \"${PODS_ROOT}/Manifest.lock\" > /dev/null\nif [ $? != 0 ] ; then\n    # print error to STDERR\n    echo \"error: The sandbox is not in sync with the Podfile.lock. Run 'pod install' or update your CocoaPods installation.\" >&2\n    exit 1\nfi\n# This output is used by Xcode 'outputs' to avoid re-running this script phase.\necho \"SUCCESS\" > \"${SCRIPT_OUTPUT_FILE_0}\"\n";
			showEnvVarsInLog = 0;
		};
/* End PBXShellScriptBuildPhase section */

/* Begin PBXSourcesBuildPhase section */
		08EA7B3D23F035B1005D7DA0 /* Sources */ = {
			isa = PBXSourcesBuildPhase;
			buildActionMask = 2147483647;
			files = (
				08E6954E23F956B300943BFC /* EventTableViewCell.swift in Sources */,
				08EDE54923F0656E003B0837 /* TodayModels.swift in Sources */,
				08EDE54F23F0683F003B0837 /* URLConstants.swift in Sources */,
				08EDE54823F0656E003B0837 /* TodayRouter.swift in Sources */,
				08EDE55923F08314003B0837 /* Utilities.swift in Sources */,
				08E6955123F9579A00943BFC /* BirthTableViewCell.swift in Sources */,
				08E6955623F9608000943BFC /* BaseTableViewCell.swift in Sources */,
				084E7BE723F82A5F008C3E22 /* Today.swift in Sources */,
				084E7BEF23F864F0008C3E22 /* DeathTableViewCell.swift in Sources */,
				08EDE54623F0656E003B0837 /* TodayPresenter.swift in Sources */,
				08EDE54B23F0656E003B0837 /* TodayInteractor.swift in Sources */,
				08EDE54A23F0656E003B0837 /* TodayViewController.swift in Sources */,
				08EDE55723F08314003B0837 /* Reachability.swift in Sources */,
				08EDE55823F08314003B0837 /* Session.swift in Sources */,
				084E7BF423F88E17008C3E22 /* TodayViewController+TableView.swift in Sources */,
				08EDE54723F0656E003B0837 /* TodayWorker.swift in Sources */,
				08EA7B4523F035B1005D7DA0 /* AppDelegate.swift in Sources */,
				08EA7B4723F035B1005D7DA0 /* SceneDelegate.swift in Sources */,
			);
			runOnlyForDeploymentPostprocessing = 0;
		};
		08EA7B5323F035B2005D7DA0 /* Sources */ = {
			isa = PBXSourcesBuildPhase;
			buildActionMask = 2147483647;
			files = (
				08E6956223F9A95A00943BFC /* TodayControllerTests.swift in Sources */,
			);
			runOnlyForDeploymentPostprocessing = 0;
		};
		08EA7B5E23F035B2005D7DA0 /* Sources */ = {
			isa = PBXSourcesBuildPhase;
			buildActionMask = 2147483647;
			files = (
				08E6955F23F9A89A00943BFC /* TodayViewControllerUITests.swift in Sources */,
			);
			runOnlyForDeploymentPostprocessing = 0;
		};
/* End PBXSourcesBuildPhase section */

/* Begin PBXTargetDependency section */
		08EA7B5923F035B2005D7DA0 /* PBXTargetDependency */ = {
			isa = PBXTargetDependency;
			target = 08EA7B4023F035B1005D7DA0 /* TodayInHistory */;
			targetProxy = 08EA7B5823F035B2005D7DA0 /* PBXContainerItemProxy */;
		};
		08EA7B6423F035B2005D7DA0 /* PBXTargetDependency */ = {
			isa = PBXTargetDependency;
			target = 08EA7B4023F035B1005D7DA0 /* TodayInHistory */;
			targetProxy = 08EA7B6323F035B2005D7DA0 /* PBXContainerItemProxy */;
		};
/* End PBXTargetDependency section */

/* Begin PBXVariantGroup section */
		08EA7B4A23F035B1005D7DA0 /* Main.storyboard */ = {
			isa = PBXVariantGroup;
			children = (
				08EA7B4B23F035B1005D7DA0 /* Base */,
			);
			name = Main.storyboard;
			sourceTree = "<group>";
		};
		08EA7B4F23F035B2005D7DA0 /* LaunchScreen.storyboard */ = {
			isa = PBXVariantGroup;
			children = (
				08EA7B5023F035B2005D7DA0 /* Base */,
			);
			name = LaunchScreen.storyboard;
			sourceTree = "<group>";
		};
/* End PBXVariantGroup section */

/* Begin XCBuildConfiguration section */
		08EA7B6923F035B2005D7DA0 /* Debug */ = {
			isa = XCBuildConfiguration;
			buildSettings = {
				ALWAYS_SEARCH_USER_PATHS = NO;
				CLANG_ANALYZER_NONNULL = YES;
				CLANG_ANALYZER_NUMBER_OBJECT_CONVERSION = YES_AGGRESSIVE;
				CLANG_CXX_LANGUAGE_STANDARD = "gnu++14";
				CLANG_CXX_LIBRARY = "libc++";
				CLANG_ENABLE_MODULES = YES;
				CLANG_ENABLE_OBJC_ARC = YES;
				CLANG_ENABLE_OBJC_WEAK = YES;
				CLANG_WARN_BLOCK_CAPTURE_AUTORELEASING = YES;
				CLANG_WARN_BOOL_CONVERSION = YES;
				CLANG_WARN_COMMA = YES;
				CLANG_WARN_CONSTANT_CONVERSION = YES;
				CLANG_WARN_DEPRECATED_OBJC_IMPLEMENTATIONS = YES;
				CLANG_WARN_DIRECT_OBJC_ISA_USAGE = YES_ERROR;
				CLANG_WARN_DOCUMENTATION_COMMENTS = YES;
				CLANG_WARN_EMPTY_BODY = YES;
				CLANG_WARN_ENUM_CONVERSION = YES;
				CLANG_WARN_INFINITE_RECURSION = YES;
				CLANG_WARN_INT_CONVERSION = YES;
				CLANG_WARN_NON_LITERAL_NULL_CONVERSION = YES;
				CLANG_WARN_OBJC_IMPLICIT_RETAIN_SELF = YES;
				CLANG_WARN_OBJC_LITERAL_CONVERSION = YES;
				CLANG_WARN_OBJC_ROOT_CLASS = YES_ERROR;
				CLANG_WARN_RANGE_LOOP_ANALYSIS = YES;
				CLANG_WARN_STRICT_PROTOTYPES = YES;
				CLANG_WARN_SUSPICIOUS_MOVE = YES;
				CLANG_WARN_UNGUARDED_AVAILABILITY = YES_AGGRESSIVE;
				CLANG_WARN_UNREACHABLE_CODE = YES;
				CLANG_WARN__DUPLICATE_METHOD_MATCH = YES;
				COPY_PHASE_STRIP = NO;
				DEBUG_INFORMATION_FORMAT = dwarf;
				ENABLE_STRICT_OBJC_MSGSEND = YES;
				ENABLE_TESTABILITY = YES;
				GCC_C_LANGUAGE_STANDARD = gnu11;
				GCC_DYNAMIC_NO_PIC = NO;
				GCC_NO_COMMON_BLOCKS = YES;
				GCC_OPTIMIZATION_LEVEL = 0;
				GCC_PREPROCESSOR_DEFINITIONS = (
					"DEBUG=1",
					"$(inherited)",
				);
				GCC_WARN_64_TO_32_BIT_CONVERSION = YES;
				GCC_WARN_ABOUT_RETURN_TYPE = YES_ERROR;
				GCC_WARN_UNDECLARED_SELECTOR = YES;
				GCC_WARN_UNINITIALIZED_AUTOS = YES_AGGRESSIVE;
				GCC_WARN_UNUSED_FUNCTION = YES;
				GCC_WARN_UNUSED_VARIABLE = YES;
				IPHONEOS_DEPLOYMENT_TARGET = 13.2;
				MTL_ENABLE_DEBUG_INFO = INCLUDE_SOURCE;
				MTL_FAST_MATH = YES;
				ONLY_ACTIVE_ARCH = YES;
				SDKROOT = iphoneos;
				SWIFT_ACTIVE_COMPILATION_CONDITIONS = DEBUG;
				SWIFT_OPTIMIZATION_LEVEL = "-Onone";
			};
			name = Debug;
		};
		08EA7B6A23F035B2005D7DA0 /* Release */ = {
			isa = XCBuildConfiguration;
			buildSettings = {
				ALWAYS_SEARCH_USER_PATHS = NO;
				CLANG_ANALYZER_NONNULL = YES;
				CLANG_ANALYZER_NUMBER_OBJECT_CONVERSION = YES_AGGRESSIVE;
				CLANG_CXX_LANGUAGE_STANDARD = "gnu++14";
				CLANG_CXX_LIBRARY = "libc++";
				CLANG_ENABLE_MODULES = YES;
				CLANG_ENABLE_OBJC_ARC = YES;
				CLANG_ENABLE_OBJC_WEAK = YES;
				CLANG_WARN_BLOCK_CAPTURE_AUTORELEASING = YES;
				CLANG_WARN_BOOL_CONVERSION = YES;
				CLANG_WARN_COMMA = YES;
				CLANG_WARN_CONSTANT_CONVERSION = YES;
				CLANG_WARN_DEPRECATED_OBJC_IMPLEMENTATIONS = YES;
				CLANG_WARN_DIRECT_OBJC_ISA_USAGE = YES_ERROR;
				CLANG_WARN_DOCUMENTATION_COMMENTS = YES;
				CLANG_WARN_EMPTY_BODY = YES;
				CLANG_WARN_ENUM_CONVERSION = YES;
				CLANG_WARN_INFINITE_RECURSION = YES;
				CLANG_WARN_INT_CONVERSION = YES;
				CLANG_WARN_NON_LITERAL_NULL_CONVERSION = YES;
				CLANG_WARN_OBJC_IMPLICIT_RETAIN_SELF = YES;
				CLANG_WARN_OBJC_LITERAL_CONVERSION = YES;
				CLANG_WARN_OBJC_ROOT_CLASS = YES_ERROR;
				CLANG_WARN_RANGE_LOOP_ANALYSIS = YES;
				CLANG_WARN_STRICT_PROTOTYPES = YES;
				CLANG_WARN_SUSPICIOUS_MOVE = YES;
				CLANG_WARN_UNGUARDED_AVAILABILITY = YES_AGGRESSIVE;
				CLANG_WARN_UNREACHABLE_CODE = YES;
				CLANG_WARN__DUPLICATE_METHOD_MATCH = YES;
				COPY_PHASE_STRIP = NO;
				DEBUG_INFORMATION_FORMAT = "dwarf-with-dsym";
				ENABLE_NS_ASSERTIONS = NO;
				ENABLE_STRICT_OBJC_MSGSEND = YES;
				GCC_C_LANGUAGE_STANDARD = gnu11;
				GCC_NO_COMMON_BLOCKS = YES;
				GCC_WARN_64_TO_32_BIT_CONVERSION = YES;
				GCC_WARN_ABOUT_RETURN_TYPE = YES_ERROR;
				GCC_WARN_UNDECLARED_SELECTOR = YES;
				GCC_WARN_UNINITIALIZED_AUTOS = YES_AGGRESSIVE;
				GCC_WARN_UNUSED_FUNCTION = YES;
				GCC_WARN_UNUSED_VARIABLE = YES;
				IPHONEOS_DEPLOYMENT_TARGET = 13.2;
				MTL_ENABLE_DEBUG_INFO = NO;
				MTL_FAST_MATH = YES;
				SDKROOT = iphoneos;
				SWIFT_COMPILATION_MODE = wholemodule;
				SWIFT_OPTIMIZATION_LEVEL = "-O";
				VALIDATE_PRODUCT = YES;
			};
			name = Release;
		};
		08EA7B6C23F035B2005D7DA0 /* Debug */ = {
			isa = XCBuildConfiguration;
			baseConfigurationReference = 0FA0006DF721515CFA870156 /* Pods-TodayInHistory.debug.xcconfig */;
			buildSettings = {
				ASSETCATALOG_COMPILER_APPICON_NAME = AppIcon;
				CODE_SIGN_STYLE = Automatic;
				DEVELOPMENT_TEAM = KHRD8446CX;
				INFOPLIST_FILE = TodayInHistory/Info.plist;
				IPHONEOS_DEPLOYMENT_TARGET = 13.2;
				LD_RUNPATH_SEARCH_PATHS = (
					"$(inherited)",
					"@executable_path/Frameworks",
				);
				PRODUCT_BUNDLE_IDENTIFIER = com.alaattinbedir.TodayInHistory;
				PRODUCT_NAME = "$(TARGET_NAME)";
				SWIFT_VERSION = 5.0;
				TARGETED_DEVICE_FAMILY = "1,2";
			};
			name = Debug;
		};
		08EA7B6D23F035B2005D7DA0 /* Release */ = {
			isa = XCBuildConfiguration;
			baseConfigurationReference = 6245E2E40F73A39305EEF7C6 /* Pods-TodayInHistory.release.xcconfig */;
			buildSettings = {
				ASSETCATALOG_COMPILER_APPICON_NAME = AppIcon;
				CODE_SIGN_STYLE = Automatic;
				DEVELOPMENT_TEAM = KHRD8446CX;
				INFOPLIST_FILE = TodayInHistory/Info.plist;
				IPHONEOS_DEPLOYMENT_TARGET = 13.2;
				LD_RUNPATH_SEARCH_PATHS = (
					"$(inherited)",
					"@executable_path/Frameworks",
				);
				PRODUCT_BUNDLE_IDENTIFIER = com.alaattinbedir.TodayInHistory;
				PRODUCT_NAME = "$(TARGET_NAME)";
				SWIFT_VERSION = 5.0;
				TARGETED_DEVICE_FAMILY = "1,2";
			};
			name = Release;
		};
		08EA7B6F23F035B2005D7DA0 /* Debug */ = {
			isa = XCBuildConfiguration;
			baseConfigurationReference = F8AF0F5A5A35365666BA1C19 /* Pods-TodayInHistoryTests.debug.xcconfig */;
			buildSettings = {
				ALWAYS_EMBED_SWIFT_STANDARD_LIBRARIES = YES;
				BUNDLE_LOADER = "$(TEST_HOST)";
				CLANG_ENABLE_MODULES = YES;
				CODE_SIGN_STYLE = Automatic;
				DEVELOPMENT_TEAM = KHRD8446CX;
				INFOPLIST_FILE = TodayInHistoryTests/Info.plist;
				IPHONEOS_DEPLOYMENT_TARGET = 13.2;
				LD_RUNPATH_SEARCH_PATHS = (
					"$(inherited)",
					"@executable_path/Frameworks",
					"@loader_path/Frameworks",
				);
				PRODUCT_BUNDLE_IDENTIFIER = com.alaattinbedir.TodayInHistoryTests;
				PRODUCT_NAME = "$(TARGET_NAME)";
				SWIFT_OBJC_BRIDGING_HEADER = "TodayInHistoryTests/Scenes/Today/TodayInHistoryTests-Bridging-Header.h";
				SWIFT_OPTIMIZATION_LEVEL = "-Onone";
				SWIFT_VERSION = 5.0;
				TARGETED_DEVICE_FAMILY = "1,2";
				TEST_HOST = "$(BUILT_PRODUCTS_DIR)/TodayInHistory.app/TodayInHistory";
			};
			name = Debug;
		};
		08EA7B7023F035B2005D7DA0 /* Release */ = {
			isa = XCBuildConfiguration;
			baseConfigurationReference = D5526E871C2C4B177CA15781 /* Pods-TodayInHistoryTests.release.xcconfig */;
			buildSettings = {
				ALWAYS_EMBED_SWIFT_STANDARD_LIBRARIES = YES;
				BUNDLE_LOADER = "$(TEST_HOST)";
				CLANG_ENABLE_MODULES = YES;
				CODE_SIGN_STYLE = Automatic;
				DEVELOPMENT_TEAM = KHRD8446CX;
				INFOPLIST_FILE = TodayInHistoryTests/Info.plist;
				IPHONEOS_DEPLOYMENT_TARGET = 13.2;
				LD_RUNPATH_SEARCH_PATHS = (
					"$(inherited)",
					"@executable_path/Frameworks",
					"@loader_path/Frameworks",
				);
				PRODUCT_BUNDLE_IDENTIFIER = com.alaattinbedir.TodayInHistoryTests;
				PRODUCT_NAME = "$(TARGET_NAME)";
				SWIFT_OBJC_BRIDGING_HEADER = "TodayInHistoryTests/Scenes/Today/TodayInHistoryTests-Bridging-Header.h";
				SWIFT_VERSION = 5.0;
				TARGETED_DEVICE_FAMILY = "1,2";
				TEST_HOST = "$(BUILT_PRODUCTS_DIR)/TodayInHistory.app/TodayInHistory";
			};
			name = Release;
		};
		08EA7B7223F035B2005D7DA0 /* Debug */ = {
			isa = XCBuildConfiguration;
			baseConfigurationReference = F8D74E19CA50F931A04240A1 /* Pods-TodayInHistoryUITests.debug.xcconfig */;
			buildSettings = {
				ALWAYS_EMBED_SWIFT_STANDARD_LIBRARIES = YES;
				CODE_SIGN_STYLE = Automatic;
				DEVELOPMENT_TEAM = KHRD8446CX;
				INFOPLIST_FILE = TodayInHistoryUITests/Info.plist;
				LD_RUNPATH_SEARCH_PATHS = (
					"$(inherited)",
					"@executable_path/Frameworks",
					"@loader_path/Frameworks",
				);
				PRODUCT_BUNDLE_IDENTIFIER = com.alaattinbedir.TodayInHistoryUITests;
				PRODUCT_NAME = "$(TARGET_NAME)";
				SWIFT_VERSION = 5.0;
				TARGETED_DEVICE_FAMILY = "1,2";
				TEST_TARGET_NAME = TodayInHistory;
			};
			name = Debug;
		};
		08EA7B7323F035B2005D7DA0 /* Release */ = {
			isa = XCBuildConfiguration;
			baseConfigurationReference = BCFC628DE42CD0E7AF74964F /* Pods-TodayInHistoryUITests.release.xcconfig */;
			buildSettings = {
				ALWAYS_EMBED_SWIFT_STANDARD_LIBRARIES = YES;
				CODE_SIGN_STYLE = Automatic;
				DEVELOPMENT_TEAM = KHRD8446CX;
				INFOPLIST_FILE = TodayInHistoryUITests/Info.plist;
				LD_RUNPATH_SEARCH_PATHS = (
					"$(inherited)",
					"@executable_path/Frameworks",
					"@loader_path/Frameworks",
				);
				PRODUCT_BUNDLE_IDENTIFIER = com.alaattinbedir.TodayInHistoryUITests;
				PRODUCT_NAME = "$(TARGET_NAME)";
				SWIFT_VERSION = 5.0;
				TARGETED_DEVICE_FAMILY = "1,2";
				TEST_TARGET_NAME = TodayInHistory;
			};
			name = Release;
		};
/* End XCBuildConfiguration section */

/* Begin XCConfigurationList section */
		08EA7B3C23F035B1005D7DA0 /* Build configuration list for PBXProject "TodayInHistory" */ = {
			isa = XCConfigurationList;
			buildConfigurations = (
				08EA7B6923F035B2005D7DA0 /* Debug */,
				08EA7B6A23F035B2005D7DA0 /* Release */,
			);
			defaultConfigurationIsVisible = 0;
			defaultConfigurationName = Release;
		};
		08EA7B6B23F035B2005D7DA0 /* Build configuration list for PBXNativeTarget "TodayInHistory" */ = {
			isa = XCConfigurationList;
			buildConfigurations = (
				08EA7B6C23F035B2005D7DA0 /* Debug */,
				08EA7B6D23F035B2005D7DA0 /* Release */,
			);
			defaultConfigurationIsVisible = 0;
			defaultConfigurationName = Release;
		};
		08EA7B6E23F035B2005D7DA0 /* Build configuration list for PBXNativeTarget "TodayInHistoryTests" */ = {
			isa = XCConfigurationList;
			buildConfigurations = (
				08EA7B6F23F035B2005D7DA0 /* Debug */,
				08EA7B7023F035B2005D7DA0 /* Release */,
			);
			defaultConfigurationIsVisible = 0;
			defaultConfigurationName = Release;
		};
		08EA7B7123F035B2005D7DA0 /* Build configuration list for PBXNativeTarget "TodayInHistoryUITests" */ = {
			isa = XCConfigurationList;
			buildConfigurations = (
				08EA7B7223F035B2005D7DA0 /* Debug */,
				08EA7B7323F035B2005D7DA0 /* Release */,
			);
			defaultConfigurationIsVisible = 0;
			defaultConfigurationName = Release;
		};
/* End XCConfigurationList section */
	};
	rootObject = 08EA7B3923F035B1005D7DA0 /* Project object */;
}
